
Microsoft Visual Studio Solution File, Format Version 12.00
# Visual Studio 15
Project("{FAE04EC0-301F-11D3-BF4B-00C04F79EFBC}") = "Assembly-CSharp", "Assembly-CSharp.csproj", "{AEDDDE16-44A4-64AE-0910-546988E0B6FA}"
EndProject
Project("{FAE04EC0-301F-11D3-BF4B-00C04F79EFBC}") = "Assembly-CSharp-Editor", "Assembly-CSharp-Editor.csproj", "{D43BF29F-B6EB-7582-E787-EA6457980196}"
EndProject
Global
	GlobalSection(SolutionConfigurationPlatforms) = preSolution
		Debug|Any CPU = Debug|Any CPU
		Release|Any CPU = Release|Any CPU
	EndGlobalSection
	GlobalSection(ProjectConfigurationPlatforms) = postSolution
		{AEDDDE16-44A4-64AE-0910-546988E0B6FA}.Debug|Any CPU.ActiveCfg = Debug|Any CPU
		{AEDDDE16-44A4-64AE-0910-546988E0B6FA}.Debug|Any CPU.Build.0 = Debug|Any CPU
		{AEDDDE16-44A4-64AE-0910-546988E0B6FA}.Release|Any CPU.ActiveCfg = Release|Any CPU
		{AEDDDE16-44A4-64AE-0910-546988E0B6FA}.Release|Any CPU.Build.0 = Release|Any CPU
		{D43BF29F-B6EB-7582-E787-EA6457980196}.Debug|Any CPU.ActiveCfg = Debug|Any CPU
		{D43BF29F-B6EB-7582-E787-EA6457980196}.Debug|Any CPU.Build.0 = Debug|Any CPU
		{D43BF29F-B6EB-7582-E787-EA6457980196}.Release|Any CPU.ActiveCfg = Release|Any CPU
		{D43BF29F-B6EB-7582-E787-EA6457980196}.Release|Any CPU.Build.0 = Release|Any CPU
	EndGlobalSection
	GlobalSection(SolutionProperties) = preSolution
		HideSolutionNode = FALSE
	EndGlobalSection
EndGlobal
